
Microsoft Visual Studio Solution File, Format Version 12.00
# Visual Studio Version 17
VisualStudioVersion = 17.2.32616.157
MinimumVisualStudioVersion = 10.0.40219.1
Project("{9A19103F-16F7-4668-BE54-9A1E7A4F7556}") = "1365_HowManyNumbersAreSmallerThanCurrentNumber", "1365_HowManyNumbersAreSmallerThanCurrentNumber\1365_HowManyNumbersAreSmallerThanCurrentNumber.csproj", "{5EC5FB66-9459-4DD8-A26C-8954623498D1}"
EndProject
Project("{9A19103F-16F7-4668-BE54-9A1E7A4F7556}") = "1313_DecompressRunLengthEncodedList", "1313_DecompressRunLengthEncodedList\1313_DecompressRunLengthEncodedList.csproj", "{35279A41-EB5A-4FC4-BE99-CEC82360ABFA}"
EndProject
Project("{9A19103F-16F7-4668-BE54-9A1E7A4F7556}") = "1528_ShuffleString", "1528_ShuffleString\1528_ShuffleString.csproj", "{C97930A8-711A-4B1F-931B-ECD74CDCE17E}"
EndProject
Project("{FAE04EC0-301F-11D3-BF4B-00C04F79EFBC}") = "2103_RingsAndRods", "2103_RingsAndRods\2103_RingsAndRods.csproj", "{37A741BB-F38B-4BB6-938F-1A389D9CADD8}"
EndProject
Project("{FAE04EC0-301F-11D3-BF4B-00C04F79EFBC}") = "832_FlippingImage", "832_FlippingImage\832_FlippingImage.csproj", "{39D4AE3B-C0C9-4CAA-A8C2-E60F4D15D4F3}"
EndProject
Project("{FAE04EC0-301F-11D3-BF4B-00C04F79EFBC}") = "2089_FindTargeIndicesAfterSortingArray", "2089_FindTargeIndicesAfterSortingArray\2089_FindTargeIndicesAfterSortingArray.csproj", "{45AD1594-CD86-4AE4-BC0C-7F447D30B875}"
EndProject
Project("{FAE04EC0-301F-11D3-BF4B-00C04F79EFBC}") = "2185_CountingWordsWithGivenPrefix", "2185_CountingWordsWithGivenPrefix\2185_CountingWordsWithGivenPrefix.csproj", "{576BF10F-E3A8-4B1C-9C6E-4329CC2A7C8E}"
EndProject
Project("{FAE04EC0-301F-11D3-BF4B-00C04F79EFBC}") = "346_MovingAverageDataStream", "346_MovingAverageDataStream\346_MovingAverageDataStream.csproj", "{06863C9B-786A-4A8F-ABC5-ABCE29974E2D}"
EndProject
Project("{FAE04EC0-301F-11D3-BF4B-00C04F79EFBC}") = "589_NTreePreorderTraversal", "589_NTreePreorderTraversal\589_NTreePreorderTraversal.csproj", "{FE3A890D-B623-428A-A501-DC082C8E0548}"
EndProject
Project("{FAE04EC0-301F-11D3-BF4B-00C04F79EFBC}") = "359_LoggerRateLimiter", "359_LoggerRateLimiter\359_LoggerRateLimiter.csproj", "{7E2CA861-6BAF-4188-AEE5-7FC49D2B9F53}"
EndProject
Project("{FAE04EC0-301F-11D3-BF4B-00C04F79EFBC}") = "595_BigCountries", "595_BigCountries\595_BigCountries.csproj", "{20C241E8-C28F-49F2-8481-DD43A87B3D74}"
EndProject
Global
	GlobalSection(SolutionConfigurationPlatforms) = preSolution
		Debug|Any CPU = Debug|Any CPU
		Release|Any CPU = Release|Any CPU
	EndGlobalSection
	GlobalSection(ProjectConfigurationPlatforms) = postSolution
		{5EC5FB66-9459-4DD8-A26C-8954623498D1}.Debug|Any CPU.ActiveCfg = Debug|Any CPU
		{5EC5FB66-9459-4DD8-A26C-8954623498D1}.Debug|Any CPU.Build.0 = Debug|Any CPU
		{5EC5FB66-9459-4DD8-A26C-8954623498D1}.Release|Any CPU.ActiveCfg = Release|Any CPU
		{5EC5FB66-9459-4DD8-A26C-8954623498D1}.Release|Any CPU.Build.0 = Release|Any CPU
		{35279A41-EB5A-4FC4-BE99-CEC82360ABFA}.Debug|Any CPU.ActiveCfg = Debug|Any CPU
		{35279A41-EB5A-4FC4-BE99-CEC82360ABFA}.Debug|Any CPU.Build.0 = Debug|Any CPU
		{35279A41-EB5A-4FC4-BE99-CEC82360ABFA}.Release|Any CPU.ActiveCfg = Release|Any CPU
		{35279A41-EB5A-4FC4-BE99-CEC82360ABFA}.Release|Any CPU.Build.0 = Release|Any CPU
		{C97930A8-711A-4B1F-931B-ECD74CDCE17E}.Debug|Any CPU.ActiveCfg = Debug|Any CPU
		{C97930A8-711A-4B1F-931B-ECD74CDCE17E}.Debug|Any CPU.Build.0 = Debug|Any CPU
		{C97930A8-711A-4B1F-931B-ECD74CDCE17E}.Release|Any CPU.ActiveCfg = Release|Any CPU
		{C97930A8-711A-4B1F-931B-ECD74CDCE17E}.Release|Any CPU.Build.0 = Release|Any CPU
		{37A741BB-F38B-4BB6-938F-1A389D9CADD8}.Debug|Any CPU.ActiveCfg = Debug|Any CPU
		{37A741BB-F38B-4BB6-938F-1A389D9CADD8}.Debug|Any CPU.Build.0 = Debug|Any CPU
		{37A741BB-F38B-4BB6-938F-1A389D9CADD8}.Release|Any CPU.ActiveCfg = Release|Any CPU
		{37A741BB-F38B-4BB6-938F-1A389D9CADD8}.Release|Any CPU.Build.0 = Release|Any CPU
		{39D4AE3B-C0C9-4CAA-A8C2-E60F4D15D4F3}.Debug|Any CPU.ActiveCfg = Debug|Any CPU
		{39D4AE3B-C0C9-4CAA-A8C2-E60F4D15D4F3}.Debug|Any CPU.Build.0 = Debug|Any CPU
		{39D4AE3B-C0C9-4CAA-A8C2-E60F4D15D4F3}.Release|Any CPU.ActiveCfg = Release|Any CPU
		{39D4AE3B-C0C9-4CAA-A8C2-E60F4D15D4F3}.Release|Any CPU.Build.0 = Release|Any CPU
		{45AD1594-CD86-4AE4-BC0C-7F447D30B875}.Debug|Any CPU.ActiveCfg = Debug|Any CPU
		{45AD1594-CD86-4AE4-BC0C-7F447D30B875}.Debug|Any CPU.Build.0 = Debug|Any CPU
		{45AD1594-CD86-4AE4-BC0C-7F447D30B875}.Release|Any CPU.ActiveCfg = Release|Any CPU
		{45AD1594-CD86-4AE4-BC0C-7F447D30B875}.Release|Any CPU.Build.0 = Release|Any CPU
		{576BF10F-E3A8-4B1C-9C6E-4329CC2A7C8E}.Debug|Any CPU.ActiveCfg = Debug|Any CPU
		{576BF10F-E3A8-4B1C-9C6E-4329CC2A7C8E}.Debug|Any CPU.Build.0 = Debug|Any CPU
		{576BF10F-E3A8-4B1C-9C6E-4329CC2A7C8E}.Release|Any CPU.ActiveCfg = Release|Any CPU
		{576BF10F-E3A8-4B1C-9C6E-4329CC2A7C8E}.Release|Any CPU.Build.0 = Release|Any CPU
		{06863C9B-786A-4A8F-ABC5-ABCE29974E2D}.Debug|Any CPU.ActiveCfg = Debug|Any CPU
		{06863C9B-786A-4A8F-ABC5-ABCE29974E2D}.Debug|Any CPU.Build.0 = Debug|Any CPU
		{06863C9B-786A-4A8F-ABC5-ABCE29974E2D}.Release|Any CPU.ActiveCfg = Release|Any CPU
		{06863C9B-786A-4A8F-ABC5-ABCE29974E2D}.Release|Any CPU.Build.0 = Release|Any CPU
		{FE3A890D-B623-428A-A501-DC082C8E0548}.Debug|Any CPU.ActiveCfg = Debug|Any CPU
		{FE3A890D-B623-428A-A501-DC082C8E0548}.Debug|Any CPU.Build.0 = Debug|Any CPU
		{FE3A890D-B623-428A-A501-DC082C8E0548}.Release|Any CPU.ActiveCfg = Release|Any CPU
		{FE3A890D-B623-428A-A501-DC082C8E0548}.Release|Any CPU.Build.0 = Release|Any CPU
		{7E2CA861-6BAF-4188-AEE5-7FC49D2B9F53}.Debug|Any CPU.ActiveCfg = Debug|Any CPU
		{7E2CA861-6BAF-4188-AEE5-7FC49D2B9F53}.Debug|Any CPU.Build.0 = Debug|Any CPU
		{7E2CA861-6BAF-4188-AEE5-7FC49D2B9F53}.Release|Any CPU.ActiveCfg = Release|Any CPU
		{7E2CA861-6BAF-4188-AEE5-7FC49D2B9F53}.Release|Any CPU.Build.0 = Release|Any CPU
		{20C241E8-C28F-49F2-8481-DD43A87B3D74}.Debug|Any CPU.ActiveCfg = Debug|Any CPU
		{20C241E8-C28F-49F2-8481-DD43A87B3D74}.Debug|Any CPU.Build.0 = Debug|Any CPU
		{20C241E8-C28F-49F2-8481-DD43A87B3D74}.Release|Any CPU.ActiveCfg = Release|Any CPU
		{20C241E8-C28F-49F2-8481-DD43A87B3D74}.Release|Any CPU.Build.0 = Release|Any CPU
	EndGlobalSection
	GlobalSection(SolutionProperties) = preSolution
		HideSolutionNode = FALSE
	EndGlobalSection
	GlobalSection(ExtensibilityGlobals) = postSolution
		SolutionGuid = {6717A010-B5B9-4184-932B-3B216D72FF50}
	EndGlobalSection
EndGlobal
